
Microsoft Visual Studio Solution File, Format Version 12.00
# Visual Studio Version 17
VisualStudioVersion = 17.13.35806.99 d17.13
MinimumVisualStudioVersion = 10.0.40219.1
Project("{8BC9CEB8-8B4A-11D0-8D11-00A0C91BC942}") = "ControleDeVoo", "ControleDeVoo\ControleDeVoo.vcxproj", "{6F7C66FA-EC48-414B-856F-EB4ED92B80CC}"
EndProject
Global
	GlobalSection(SolutionConfigurationPlatforms) = preSolution
		Debug|x64 = Debug|x64
		Debug|x86 = Debug|x86
		Release|x64 = Release|x64
		Release|x86 = Release|x86
	EndGlobalSection
	GlobalSection(ProjectConfigurationPlatforms) = postSolution
		{6F7C66FA-EC48-414B-856F-EB4ED92B80CC}.Debug|x64.ActiveCfg = Debug|x64
		{6F7C66FA-EC48-414B-856F-EB4ED92B80CC}.Debug|x64.Build.0 = Debug|x64
		{6F7C66FA-EC48-414B-856F-EB4ED92B80CC}.Debug|x86.ActiveCfg = Debug|Win32
		{6F7C66FA-EC48-414B-856F-EB4ED92B80CC}.Debug|x86.Build.0 = Debug|Win32
		{6F7C66FA-EC48-414B-856F-EB4ED92B80CC}.Release|x64.ActiveCfg = Release|x64
		{6F7C66FA-EC48-414B-856F-EB4ED92B80CC}.Release|x64.Build.0 = Release|x64
		{6F7C66FA-EC48-414B-856F-EB4ED92B80CC}.Release|x86.ActiveCfg = Release|Win32
		{6F7C66FA-EC48-414B-856F-EB4ED92B80CC}.Release|x86.Build.0 = Release|Win32
	EndGlobalSection
	GlobalSection(SolutionProperties) = preSolution
		HideSolutionNode = FALSE
	EndGlobalSection
	GlobalSection(ExtensibilityGlobals) = postSolution
		SolutionGuid = {ED7AE49F-0F43-4E1C-BF54-ADFC144BE7D0}
	EndGlobalSection
EndGlobal
